
Microsoft Visual Studio Solution File, Format Version 12.00
# Visual Studio Version 17
VisualStudioVersion = 17.0.31903.59
MinimumVisualStudioVersion = 10.0.40219.1
Project("{2150E333-8FDC-42A3-9474-1A3956D46DE8}") = "src", "src", "{827E0CD3-B72D-47B6-A68D-7590B98EB39B}"
EndProject
Project("{FAE04EC0-301F-11D3-BF4B-00C04F79EFBC}") = "SurveyMaker.Api", "src\SurveyMaker.Api\SurveyMaker.Api.csproj", "{688AEC48-23D6-4E86-9031-605726328057}"
EndProject
Project("{FAE04EC0-301F-11D3-BF4B-00C04F79EFBC}") = "SurveyMaker.Core", "src\SurveyMaker.Core\SurveyMaker.Core.csproj", "{D8C28269-2E78-4C2D-B2D7-84620F0E5DD8}"
EndProject
Project("{FAE04EC0-301F-11D3-BF4B-00C04F79EFBC}") = "SurveyMaker.Infrastructure", "src\SurveyMaker.Infrastructure\SurveyMaker.Infrastructure.csproj", "{97A23AC8-7B0D-492C-957A-5F51B9432E76}"
EndProject
Project("{2150E333-8FDC-42A3-9474-1A3956D46DE8}") = "tests", "tests", "{0AB3BF05-4346-4AA6-1389-037BE0695223}"
EndProject
Project("{FAE04EC0-301F-11D3-BF4B-00C04F79EFBC}") = "SurveyMaker.UnitTests", "tests\SurveyMaker.UnitTests\SurveyMaker.UnitTests.csproj", "{507BFC41-228E-4D98-84A7-7F3B07E0BE1F}"
EndProject
Project("{FAE04EC0-301F-11D3-BF4B-00C04F79EFBC}") = "SurveyMaker.IntegrationTests", "tests\SurveyMaker.IntegrationTests\SurveyMaker.IntegrationTests.csproj", "{89101BC8-2918-419D-9E66-8DA4DE6A1CF7}"
EndProject
Global
	GlobalSection(SolutionConfigurationPlatforms) = preSolution
		Debug|Any CPU = Debug|Any CPU
		Debug|x64 = Debug|x64
		Debug|x86 = Debug|x86
		Release|Any CPU = Release|Any CPU
		Release|x64 = Release|x64
		Release|x86 = Release|x86
	EndGlobalSection
	GlobalSection(ProjectConfigurationPlatforms) = postSolution
		{688AEC48-23D6-4E86-9031-605726328057}.Debug|Any CPU.ActiveCfg = Debug|Any CPU
		{688AEC48-23D6-4E86-9031-605726328057}.Debug|Any CPU.Build.0 = Debug|Any CPU
		{688AEC48-23D6-4E86-9031-605726328057}.Debug|x64.ActiveCfg = Debug|Any CPU
		{688AEC48-23D6-4E86-9031-605726328057}.Debug|x64.Build.0 = Debug|Any CPU
		{688AEC48-23D6-4E86-9031-605726328057}.Debug|x86.ActiveCfg = Debug|Any CPU
		{688AEC48-23D6-4E86-9031-605726328057}.Debug|x86.Build.0 = Debug|Any CPU
		{688AEC48-23D6-4E86-9031-605726328057}.Release|Any CPU.ActiveCfg = Release|Any CPU
		{688AEC48-23D6-4E86-9031-605726328057}.Release|Any CPU.Build.0 = Release|Any CPU
		{688AEC48-23D6-4E86-9031-605726328057}.Release|x64.ActiveCfg = Release|Any CPU
		{688AEC48-23D6-4E86-9031-605726328057}.Release|x64.Build.0 = Release|Any CPU
		{688AEC48-23D6-4E86-9031-605726328057}.Release|x86.ActiveCfg = Release|Any CPU
		{688AEC48-23D6-4E86-9031-605726328057}.Release|x86.Build.0 = Release|Any CPU
		{D8C28269-2E78-4C2D-B2D7-84620F0E5DD8}.Debug|Any CPU.ActiveCfg = Debug|Any CPU
		{D8C28269-2E78-4C2D-B2D7-84620F0E5DD8}.Debug|Any CPU.Build.0 = Debug|Any CPU
		{D8C28269-2E78-4C2D-B2D7-84620F0E5DD8}.Debug|x64.ActiveCfg = Debug|Any CPU
		{D8C28269-2E78-4C2D-B2D7-84620F0E5DD8}.Debug|x64.Build.0 = Debug|Any CPU
		{D8C28269-2E78-4C2D-B2D7-84620F0E5DD8}.Debug|x86.ActiveCfg = Debug|Any CPU
		{D8C28269-2E78-4C2D-B2D7-84620F0E5DD8}.Debug|x86.Build.0 = Debug|Any CPU
		{D8C28269-2E78-4C2D-B2D7-84620F0E5DD8}.Release|Any CPU.ActiveCfg = Release|Any CPU
		{D8C28269-2E78-4C2D-B2D7-84620F0E5DD8}.Release|Any CPU.Build.0 = Release|Any CPU
		{D8C28269-2E78-4C2D-B2D7-84620F0E5DD8}.Release|x64.ActiveCfg = Release|Any CPU
		{D8C28269-2E78-4C2D-B2D7-84620F0E5DD8}.Release|x64.Build.0 = Release|Any CPU
		{D8C28269-2E78-4C2D-B2D7-84620F0E5DD8}.Release|x86.ActiveCfg = Release|Any CPU
		{D8C28269-2E78-4C2D-B2D7-84620F0E5DD8}.Release|x86.Build.0 = Release|Any CPU
		{97A23AC8-7B0D-492C-957A-5F51B9432E76}.Debug|Any CPU.ActiveCfg = Debug|Any CPU
		{97A23AC8-7B0D-492C-957A-5F51B9432E76}.Debug|Any CPU.Build.0 = Debug|Any CPU
		{97A23AC8-7B0D-492C-957A-5F51B9432E76}.Debug|x64.ActiveCfg = Debug|Any CPU
		{97A23AC8-7B0D-492C-957A-5F51B9432E76}.Debug|x64.Build.0 = Debug|Any CPU
		{97A23AC8-7B0D-492C-957A-5F51B9432E76}.Debug|x86.ActiveCfg = Debug|Any CPU
		{97A23AC8-7B0D-492C-957A-5F51B9432E76}.Debug|x86.Build.0 = Debug|Any CPU
		{97A23AC8-7B0D-492C-957A-5F51B9432E76}.Release|Any CPU.ActiveCfg = Release|Any CPU
		{97A23AC8-7B0D-492C-957A-5F51B9432E76}.Release|Any CPU.Build.0 = Release|Any CPU
		{97A23AC8-7B0D-492C-957A-5F51B9432E76}.Release|x64.ActiveCfg = Release|Any CPU
		{97A23AC8-7B0D-492C-957A-5F51B9432E76}.Release|x64.Build.0 = Release|Any CPU
		{97A23AC8-7B0D-492C-957A-5F51B9432E76}.Release|x86.ActiveCfg = Release|Any CPU
		{97A23AC8-7B0D-492C-957A-5F51B9432E76}.Release|x86.Build.0 = Release|Any CPU
		{507BFC41-228E-4D98-84A7-7F3B07E0BE1F}.Debug|Any CPU.ActiveCfg = Debug|Any CPU
		{507BFC41-228E-4D98-84A7-7F3B07E0BE1F}.Debug|Any CPU.Build.0 = Debug|Any CPU
		{507BFC41-228E-4D98-84A7-7F3B07E0BE1F}.Debug|x64.ActiveCfg = Debug|Any CPU
		{507BFC41-228E-4D98-84A7-7F3B07E0BE1F}.Debug|x64.Build.0 = Debug|Any CPU
		{507BFC41-228E-4D98-84A7-7F3B07E0BE1F}.Debug|x86.ActiveCfg = Debug|Any CPU
		{507BFC41-228E-4D98-84A7-7F3B07E0BE1F}.Debug|x86.Build.0 = Debug|Any CPU
		{507BFC41-228E-4D98-84A7-7F3B07E0BE1F}.Release|Any CPU.ActiveCfg = Release|Any CPU
		{507BFC41-228E-4D98-84A7-7F3B07E0BE1F}.Release|Any CPU.Build.0 = Release|Any CPU
		{507BFC41-228E-4D98-84A7-7F3B07E0BE1F}.Release|x64.ActiveCfg = Release|Any CPU
		{507BFC41-228E-4D98-84A7-7F3B07E0BE1F}.Release|x64.Build.0 = Release|Any CPU
		{507BFC41-228E-4D98-84A7-7F3B07E0BE1F}.Release|x86.ActiveCfg = Release|Any CPU
		{507BFC41-228E-4D98-84A7-7F3B07E0BE1F}.Release|x86.Build.0 = Release|Any CPU
		{89101BC8-2918-419D-9E66-8DA4DE6A1CF7}.Debug|Any CPU.ActiveCfg = Debug|Any CPU
		{89101BC8-2918-419D-9E66-8DA4DE6A1CF7}.Debug|Any CPU.Build.0 = Debug|Any CPU
		{89101BC8-2918-419D-9E66-8DA4DE6A1CF7}.Debug|x64.ActiveCfg = Debug|Any CPU
		{89101BC8-2918-419D-9E66-8DA4DE6A1CF7}.Debug|x64.Build.0 = Debug|Any CPU
		{89101BC8-2918-419D-9E66-8DA4DE6A1CF7}.Debug|x86.ActiveCfg = Debug|Any CPU
		{89101BC8-2918-419D-9E66-8DA4DE6A1CF7}.Debug|x86.Build.0 = Debug|Any CPU
		{89101BC8-2918-419D-9E66-8DA4DE6A1CF7}.Release|Any CPU.ActiveCfg = Release|Any CPU
		{89101BC8-2918-419D-9E66-8DA4DE6A1CF7}.Release|Any CPU.Build.0 = Release|Any CPU
		{89101BC8-2918-419D-9E66-8DA4DE6A1CF7}.Release|x64.ActiveCfg = Release|Any CPU
		{89101BC8-2918-419D-9E66-8DA4DE6A1CF7}.Release|x64.Build.0 = Release|Any CPU
		{89101BC8-2918-419D-9E66-8DA4DE6A1CF7}.Release|x86.ActiveCfg = Release|Any CPU
		{89101BC8-2918-419D-9E66-8DA4DE6A1CF7}.Release|x86.Build.0 = Release|Any CPU
	EndGlobalSection
	GlobalSection(SolutionProperties) = preSolution
		HideSolutionNode = FALSE
	EndGlobalSection
	GlobalSection(NestedProjects) = preSolution
		{688AEC48-23D6-4E86-9031-605726328057} = {827E0CD3-B72D-47B6-A68D-7590B98EB39B}
		{D8C28269-2E78-4C2D-B2D7-84620F0E5DD8} = {827E0CD3-B72D-47B6-A68D-7590B98EB39B}
		{97A23AC8-7B0D-492C-957A-5F51B9432E76} = {827E0CD3-B72D-47B6-A68D-7590B98EB39B}
		{507BFC41-228E-4D98-84A7-7F3B07E0BE1F} = {0AB3BF05-4346-4AA6-1389-037BE0695223}
		{89101BC8-2918-419D-9E66-8DA4DE6A1CF7} = {0AB3BF05-4346-4AA6-1389-037BE0695223}
	EndGlobalSection
EndGlobal
